
Microsoft Visual Studio Solution File, Format Version 12.00
# Visual Studio Version 16
VisualStudioVersion = 16.0.31410.357
MinimumVisualStudioVersion = 10.0.40219.1
Project("{9A19103F-16F7-4668-BE54-9A1E7A4F7556}") = "Payroll_Calculator", "Payroll_Calculator.csproj", "{0125FDE7-360A-48D1-8FFB-612FBF8A976E}"
EndProject
Global
	GlobalSection(SolutionConfigurationPlatforms) = preSolution
		Debug|Any CPU = Debug|Any CPU
		Release|Any CPU = Release|Any CPU
	EndGlobalSection
	GlobalSection(ProjectConfigurationPlatforms) = postSolution
		{0125FDE7-360A-48D1-8FFB-612FBF8A976E}.Debug|Any CPU.ActiveCfg = Debug|Any CPU
		{0125FDE7-360A-48D1-8FFB-612FBF8A976E}.Debug|Any CPU.Build.0 = Debug|Any CPU
		{0125FDE7-360A-48D1-8FFB-612FBF8A976E}.Release|Any CPU.ActiveCfg = Release|Any CPU
		{0125FDE7-360A-48D1-8FFB-612FBF8A976E}.Release|Any CPU.Build.0 = Release|Any CPU
	EndGlobalSection
	GlobalSection(SolutionProperties) = preSolution
		HideSolutionNode = FALSE
	EndGlobalSection
	GlobalSection(ExtensibilityGlobals) = postSolution
		SolutionGuid = {9B4BD82C-2D29-4EED-91EE-014626CC6B34}
	EndGlobalSection
EndGlobal
